// !$*UTF8*$!
{
	archiveVersion = 1;
	classes = {
	};
	objectVersion = 55;
	objects = {

/* Begin PBXBuildFile section */
		3241413B2942F24C00C29B9E /* CommonTablePresenter.swift in Sources */ = {isa = PBXBuildFile; fileRef = 3241413A2942F24C00C29B9E /* CommonTablePresenter.swift */; };
		324141402942F2FD00C29B9E /* MyProfilePresenter.swift in Sources */ = {isa = PBXBuildFile; fileRef = 3241413F2942F2FD00C29B9E /* MyProfilePresenter.swift */; };
		324141422942FA6300C29B9E /* AdvertiseCellPresenter.swift in Sources */ = {isa = PBXBuildFile; fileRef = 324141412942FA6300C29B9E /* AdvertiseCellPresenter.swift */; };
		324141442942FE9500C29B9E /* CommonHeaderView.swift in Sources */ = {isa = PBXBuildFile; fileRef = 324141432942FE9500C29B9E /* CommonHeaderView.swift */; };
		324141462942FEA100C29B9E /* CommonHeaderView.xib in Resources */ = {isa = PBXBuildFile; fileRef = 324141452942FEA100C29B9E /* CommonHeaderView.xib */; };
		3F00DD40294F0307008E7C6A /* CommonFooterView.swift in Sources */ = {isa = PBXBuildFile; fileRef = 3F00DD3F294F0307008E7C6A /* CommonFooterView.swift */; };
		3F00DD42294F0325008E7C6A /* CommonFooterView.xib in Resources */ = {isa = PBXBuildFile; fileRef = 3F00DD41294F0325008E7C6A /* CommonFooterView.xib */; };
		3F012936294AF51F006C74A1 /* OrderGame.swift in Sources */ = {isa = PBXBuildFile; fileRef = 3F012934294AF51F006C74A1 /* OrderGame.swift */; };
		3F012937294AF51F006C74A1 /* OrderGame.xib in Resources */ = {isa = PBXBuildFile; fileRef = 3F012935294AF51F006C74A1 /* OrderGame.xib */; };
		3F012939294AF52D006C74A1 /* OrdergamePresenter.swift in Sources */ = {isa = PBXBuildFile; fileRef = 3F012938294AF52D006C74A1 /* OrdergamePresenter.swift */; };
		3F01293C294AF58C006C74A1 /* OrderGameCollectionCell.swift in Sources */ = {isa = PBXBuildFile; fileRef = 3F01293A294AF58C006C74A1 /* OrderGameCollectionCell.swift */; };
		3F01293D294AF58C006C74A1 /* OrderGameCollectionCell.xib in Resources */ = {isa = PBXBuildFile; fileRef = 3F01293B294AF58C006C74A1 /* OrderGameCollectionCell.xib */; };
		3F012941294B0782006C74A1 /* LastCell.swift in Sources */ = {isa = PBXBuildFile; fileRef = 3F01293F294B0782006C74A1 /* LastCell.swift */; };
		3F012942294B0782006C74A1 /* LastCell.xib in Resources */ = {isa = PBXBuildFile; fileRef = 3F012940294B0782006C74A1 /* LastCell.xib */; };
		3F012944294B0793006C74A1 /* LastCellPresenter.swift in Sources */ = {isa = PBXBuildFile; fileRef = 3F012943294B0793006C74A1 /* LastCellPresenter.swift */; };
		3F1657E729506377002D2627 /* UIView+Border.swift in Sources */ = {isa = PBXBuildFile; fileRef = 3F1657E629506377002D2627 /* UIView+Border.swift */; };
		3F1657E929506679002D2627 /* String+MiddleLine.swift in Sources */ = {isa = PBXBuildFile; fileRef = 3F1657E829506679002D2627 /* String+MiddleLine.swift */; };
		3F3CF3FD29532D2700500B1E /* SearchView.swift in Sources */ = {isa = PBXBuildFile; fileRef = 3F3CF3FB29532D2700500B1E /* SearchView.swift */; };
		3F3CF3FE29532D2700500B1E /* SearchView.xib in Resources */ = {isa = PBXBuildFile; fileRef = 3F3CF3FC29532D2700500B1E /* SearchView.xib */; };
		3F45197B29558DBA002C1068 /* DelegateProtocol.swift in Sources */ = {isa = PBXBuildFile; fileRef = 3F45197A29558DBA002C1068 /* DelegateProtocol.swift */; };
		3F4944EC295978590094AC0A /* SearchViewCell.swift in Sources */ = {isa = PBXBuildFile; fileRef = 3F4944EA295978590094AC0A /* SearchViewCell.swift */; };
		3F4944ED295978590094AC0A /* SearchViewCell.xib in Resources */ = {isa = PBXBuildFile; fileRef = 3F4944EB295978590094AC0A /* SearchViewCell.xib */; };
		3F4944EF29597E3D0094AC0A /* CommonSearchHeaderView.swift in Sources */ = {isa = PBXBuildFile; fileRef = 3F4944EE29597E3D0094AC0A /* CommonSearchHeaderView.swift */; };
		3F4944F129597E4D0094AC0A /* CommonSearchHeaderView.xib in Resources */ = {isa = PBXBuildFile; fileRef = 3F4944F029597E4D0094AC0A /* CommonSearchHeaderView.xib */; };
		3F4CB4E12951A3CA0012791A /* PaddingLabel.swift in Sources */ = {isa = PBXBuildFile; fileRef = 3F4CB4E02951A3CA0012791A /* PaddingLabel.swift */; };
		3F676D98294ED8B5007B4E45 /* CumView.swift in Sources */ = {isa = PBXBuildFile; fileRef = 3F676D96294ED8B5007B4E45 /* CumView.swift */; };
		3F676D99294ED8B5007B4E45 /* CumView.xib in Resources */ = {isa = PBXBuildFile; fileRef = 3F676D97294ED8B5007B4E45 /* CumView.xib */; };
		3F676D9D294ED8D0007B4E45 /* SetView.swift in Sources */ = {isa = PBXBuildFile; fileRef = 3F676D9B294ED8D0007B4E45 /* SetView.swift */; };
		3F676D9E294ED8D0007B4E45 /* SetView.xib in Resources */ = {isa = PBXBuildFile; fileRef = 3F676D9C294ED8D0007B4E45 /* SetView.xib */; };
		3F676DA0294EEE3F007B4E45 /* UIView+Radius.swift in Sources */ = {isa = PBXBuildFile; fileRef = 3F676D9F294EEE3F007B4E45 /* UIView+Radius.swift */; };
		3F676DA2294EEE65007B4E45 /* GrandientView.swift in Sources */ = {isa = PBXBuildFile; fileRef = 3F676DA1294EEE65007B4E45 /* GrandientView.swift */; };
		3F81B34A294ED2DB005A55CE /* EsportView.swift in Sources */ = {isa = PBXBuildFile; fileRef = 3F81B348294ED2DB005A55CE /* EsportView.swift */; };
		3F81B34B294ED2DB005A55CE /* EsportView.xib in Resources */ = {isa = PBXBuildFile; fileRef = 3F81B349294ED2DB005A55CE /* EsportView.xib */; };
		3FDB29AC2948691900BBA4F8 /* ChampionTearCell.swift in Sources */ = {isa = PBXBuildFile; fileRef = 3FDB29AA2948691900BBA4F8 /* ChampionTearCell.swift */; };
		3FDB29AD2948691900BBA4F8 /* ChampionTearCell.xib in Resources */ = {isa = PBXBuildFile; fileRef = 3FDB29AB2948691900BBA4F8 /* ChampionTearCell.xib */; };
		3FDB29AF2948692E00BBA4F8 /* ChampionTearCellPresenter.swift in Sources */ = {isa = PBXBuildFile; fileRef = 3FDB29AE2948692E00BBA4F8 /* ChampionTearCellPresenter.swift */; };
		3FDB29B329486F9E00BBA4F8 /* FavoriteChamp.swift in Sources */ = {isa = PBXBuildFile; fileRef = 3FDB29B129486F9E00BBA4F8 /* FavoriteChamp.swift */; };
		3FDB29B429486F9E00BBA4F8 /* FavoriteChamp.xib in Resources */ = {isa = PBXBuildFile; fileRef = 3FDB29B229486F9E00BBA4F8 /* FavoriteChamp.xib */; };
		3FDB29B629486FB500BBA4F8 /* FavoriteChampPresenter.swift in Sources */ = {isa = PBXBuildFile; fileRef = 3FDB29B529486FB500BBA4F8 /* FavoriteChampPresenter.swift */; };
		3FDB29BA2948763400BBA4F8 /* TmiCell.swift in Sources */ = {isa = PBXBuildFile; fileRef = 3FDB29B82948763300BBA4F8 /* TmiCell.swift */; };
		3FDB29BB2948763400BBA4F8 /* TmiCell.xib in Resources */ = {isa = PBXBuildFile; fileRef = 3FDB29B92948763400BBA4F8 /* TmiCell.xib */; };
		3FDB29BD2948764000BBA4F8 /* TmiCellPresenter.swift in Sources */ = {isa = PBXBuildFile; fileRef = 3FDB29BC2948764000BBA4F8 /* TmiCellPresenter.swift */; };
		3FDB29C129487CE900BBA4F8 /* Sale.swift in Sources */ = {isa = PBXBuildFile; fileRef = 3FDB29BF29487CE900BBA4F8 /* Sale.swift */; };
		3FDB29C229487CE900BBA4F8 /* Sale.xib in Resources */ = {isa = PBXBuildFile; fileRef = 3FDB29C029487CE900BBA4F8 /* Sale.xib */; };
		3FDB29C429487CF300BBA4F8 /* SalePresenter.swift in Sources */ = {isa = PBXBuildFile; fileRef = 3FDB29C329487CF300BBA4F8 /* SalePresenter.swift */; };
		3FDB29C729487F7F00BBA4F8 /* SaleCollectionViewCell.swift in Sources */ = {isa = PBXBuildFile; fileRef = 3FDB29C529487F7F00BBA4F8 /* SaleCollectionViewCell.swift */; };
		3FDB29C829487F7F00BBA4F8 /* SaleCollectionViewCell.xib in Resources */ = {isa = PBXBuildFile; fileRef = 3FDB29C629487F7F00BBA4F8 /* SaleCollectionViewCell.xib */; };
		8C2DDD5A293A3E7200DA19C4 /* MainViewController.xib in Resources */ = {isa = PBXBuildFile; fileRef = 8C2DDD59293A3E7200DA19C4 /* MainViewController.xib */; };
		8C375E292943283E00E7F437 /* SectionCell3Presenter.swift in Sources */ = {isa = PBXBuildFile; fileRef = 8C375E282943283E00E7F437 /* SectionCell3Presenter.swift */; };
		8C375E48294340BE00E7F437 /* SearchCell.swift in Sources */ = {isa = PBXBuildFile; fileRef = 8C375E46294340BE00E7F437 /* SearchCell.swift */; };
		8C375E49294340BE00E7F437 /* SearchCell.xib in Resources */ = {isa = PBXBuildFile; fileRef = 8C375E47294340BE00E7F437 /* SearchCell.xib */; };
		8C375E4B294340CE00E7F437 /* SearchCellPresenter.swift in Sources */ = {isa = PBXBuildFile; fileRef = 8C375E4A294340CE00E7F437 /* SearchCellPresenter.swift */; };
		8C375E512944680300E7F437 /* SenceDelegate.swift in Sources */ = {isa = PBXBuildFile; fileRef = 8C375E502944680300E7F437 /* SenceDelegate.swift */; };
		8C375E53294468D600E7F437 /* TabBarController.swift in Sources */ = {isa = PBXBuildFile; fileRef = 8C375E52294468D600E7F437 /* TabBarController.swift */; };
		8C375E5729446C7900E7F437 /* ChampionsView.swift in Sources */ = {isa = PBXBuildFile; fileRef = 8C375E5529446C7900E7F437 /* ChampionsView.swift */; };
		8C375E5829446C7900E7F437 /* ChampionsView.xib in Resources */ = {isa = PBXBuildFile; fileRef = 8C375E5629446C7900E7F437 /* ChampionsView.xib */; };
		8C375E5B294604BF00E7F437 /* PatchNoteCell.swift in Sources */ = {isa = PBXBuildFile; fileRef = 8C375E59294604BF00E7F437 /* PatchNoteCell.swift */; };
		8C375E5C294604BF00E7F437 /* PatchNoteCell.xib in Resources */ = {isa = PBXBuildFile; fileRef = 8C375E5A294604BF00E7F437 /* PatchNoteCell.xib */; };
		8C375E5E2946055400E7F437 /* PatchNoteCellPresenter.swift in Sources */ = {isa = PBXBuildFile; fileRef = 8C375E5D2946055400E7F437 /* PatchNoteCellPresenter.swift */; };
		8C375E6129460E4500E7F437 /* PatchCollectionCell.swift in Sources */ = {isa = PBXBuildFile; fileRef = 8C375E5F29460E4500E7F437 /* PatchCollectionCell.swift */; };
		8C375E6229460E4500E7F437 /* PatchCollectionCell.xib in Resources */ = {isa = PBXBuildFile; fileRef = 8C375E6029460E4500E7F437 /* PatchCollectionCell.xib */; };
		8C6BEDD5293F8B310004D98D /* SettingCell.swift in Sources */ = {isa = PBXBuildFile; fileRef = 8C6BEDD4293F8B310004D98D /* SettingCell.swift */; };
		8CA03F312939E7D800EC9F34 /* MainViewController.swift in Sources */ = {isa = PBXBuildFile; fileRef = 8CA03F2F2939E7D800EC9F34 /* MainViewController.swift */; };
		8CA03F3C293A00AF00EC9F34 /* DarkMode.swift in Sources */ = {isa = PBXBuildFile; fileRef = 8CA03F3B293A00AF00EC9F34 /* DarkMode.swift */; };
		8CA112602935FB400086B021 /* AppDelegate.swift in Sources */ = {isa = PBXBuildFile; fileRef = 8CA1125F2935FB400086B021 /* AppDelegate.swift */; };
		8CA112692935FB450086B021 /* Assets.xcassets in Resources */ = {isa = PBXBuildFile; fileRef = 8CA112682935FB450086B021 /* Assets.xcassets */; };
		8CA1126C2935FB450086B021 /* LaunchScreen.storyboard in Resources */ = {isa = PBXBuildFile; fileRef = 8CA1126A2935FB450086B021 /* LaunchScreen.storyboard */; };
		8CCEA734293DD15200B4299A /* AdvertiseCell.swift in Sources */ = {isa = PBXBuildFile; fileRef = 8CCEA732293DD15200B4299A /* AdvertiseCell.swift */; };
		8CCEA735293DD15200B4299A /* AdvertiseCell.xib in Resources */ = {isa = PBXBuildFile; fileRef = 8CCEA733293DD15200B4299A /* AdvertiseCell.xib */; };
		8CCEA738293DD65500B4299A /* FavoriteCell.swift in Sources */ = {isa = PBXBuildFile; fileRef = 8CCEA736293DD65500B4299A /* FavoriteCell.swift */; };
		8CCEA739293DD65500B4299A /* FavoriteCell.xib in Resources */ = {isa = PBXBuildFile; fileRef = 8CCEA737293DD65500B4299A /* FavoriteCell.xib */; };
		8CCEA73C293DE7EA00B4299A /* MyProfile.swift in Sources */ = {isa = PBXBuildFile; fileRef = 8CCEA73A293DE7EA00B4299A /* MyProfile.swift */; };
		8CCEA73D293DE7EA00B4299A /* MyProfile.xib in Resources */ = {isa = PBXBuildFile; fileRef = 8CCEA73B293DE7EA00B4299A /* MyProfile.xib */; };
/* End PBXBuildFile section */

/* Begin PBXFileReference section */
		3241413A2942F24C00C29B9E /* CommonTablePresenter.swift */ = {isa = PBXFileReference; lastKnownFileType = sourcecode.swift; path = CommonTablePresenter.swift; sourceTree = "<group>"; };
		3241413F2942F2FD00C29B9E /* MyProfilePresenter.swift */ = {isa = PBXFileReference; lastKnownFileType = sourcecode.swift; path = MyProfilePresenter.swift; sourceTree = "<group>"; };
		324141412942FA6300C29B9E /* AdvertiseCellPresenter.swift */ = {isa = PBXFileReference; lastKnownFileType = sourcecode.swift; path = AdvertiseCellPresenter.swift; sourceTree = "<group>"; };
		324141432942FE9500C29B9E /* CommonHeaderView.swift */ = {isa = PBXFileReference; lastKnownFileType = sourcecode.swift; path = CommonHeaderView.swift; sourceTree = "<group>"; };
		324141452942FEA100C29B9E /* CommonHeaderView.xib */ = {isa = PBXFileReference; lastKnownFileType = file.xib; path = CommonHeaderView.xib; sourceTree = "<group>"; };
		3F00DD3F294F0307008E7C6A /* CommonFooterView.swift */ = {isa = PBXFileReference; lastKnownFileType = sourcecode.swift; path = CommonFooterView.swift; sourceTree = "<group>"; };
		3F00DD41294F0325008E7C6A /* CommonFooterView.xib */ = {isa = PBXFileReference; lastKnownFileType = file.xib; path = CommonFooterView.xib; sourceTree = "<group>"; };
		3F012934294AF51F006C74A1 /* OrderGame.swift */ = {isa = PBXFileReference; lastKnownFileType = sourcecode.swift; path = OrderGame.swift; sourceTree = "<group>"; };
		3F012935294AF51F006C74A1 /* OrderGame.xib */ = {isa = PBXFileReference; lastKnownFileType = file.xib; path = OrderGame.xib; sourceTree = "<group>"; };
		3F012938294AF52D006C74A1 /* OrdergamePresenter.swift */ = {isa = PBXFileReference; lastKnownFileType = sourcecode.swift; path = OrdergamePresenter.swift; sourceTree = "<group>"; };
		3F01293A294AF58C006C74A1 /* OrderGameCollectionCell.swift */ = {isa = PBXFileReference; lastKnownFileType = sourcecode.swift; path = OrderGameCollectionCell.swift; sourceTree = "<group>"; };
		3F01293B294AF58C006C74A1 /* OrderGameCollectionCell.xib */ = {isa = PBXFileReference; lastKnownFileType = file.xib; path = OrderGameCollectionCell.xib; sourceTree = "<group>"; };
		3F01293F294B0782006C74A1 /* LastCell.swift */ = {isa = PBXFileReference; lastKnownFileType = sourcecode.swift; path = LastCell.swift; sourceTree = "<group>"; };
		3F012940294B0782006C74A1 /* LastCell.xib */ = {isa = PBXFileReference; lastKnownFileType = file.xib; path = LastCell.xib; sourceTree = "<group>"; };
		3F012943294B0793006C74A1 /* LastCellPresenter.swift */ = {isa = PBXFileReference; lastKnownFileType = sourcecode.swift; path = LastCellPresenter.swift; sourceTree = "<group>"; };
		3F1657E629506377002D2627 /* UIView+Border.swift */ = {isa = PBXFileReference; lastKnownFileType = sourcecode.swift; path = "UIView+Border.swift"; sourceTree = "<group>"; };
		3F1657E829506679002D2627 /* String+MiddleLine.swift */ = {isa = PBXFileReference; lastKnownFileType = sourcecode.swift; path = "String+MiddleLine.swift"; sourceTree = "<group>"; };
		3F3CF3FB29532D2700500B1E /* SearchView.swift */ = {isa = PBXFileReference; lastKnownFileType = sourcecode.swift; path = SearchView.swift; sourceTree = "<group>"; };
		3F3CF3FC29532D2700500B1E /* SearchView.xib */ = {isa = PBXFileReference; lastKnownFileType = file.xib; path = SearchView.xib; sourceTree = "<group>"; };
		3F45197A29558DBA002C1068 /* DelegateProtocol.swift */ = {isa = PBXFileReference; lastKnownFileType = sourcecode.swift; path = DelegateProtocol.swift; sourceTree = "<group>"; };
		3F4944EA295978590094AC0A /* SearchViewCell.swift */ = {isa = PBXFileReference; lastKnownFileType = sourcecode.swift; path = SearchViewCell.swift; sourceTree = "<group>"; };
		3F4944EB295978590094AC0A /* SearchViewCell.xib */ = {isa = PBXFileReference; lastKnownFileType = file.xib; path = SearchViewCell.xib; sourceTree = "<group>"; };
		3F4944EE29597E3D0094AC0A /* CommonSearchHeaderView.swift */ = {isa = PBXFileReference; lastKnownFileType = sourcecode.swift; path = CommonSearchHeaderView.swift; sourceTree = "<group>"; };
		3F4944F029597E4D0094AC0A /* CommonSearchHeaderView.xib */ = {isa = PBXFileReference; lastKnownFileType = file.xib; path = CommonSearchHeaderView.xib; sourceTree = "<group>"; };
		3F4CB4E02951A3CA0012791A /* PaddingLabel.swift */ = {isa = PBXFileReference; lastKnownFileType = sourcecode.swift; path = PaddingLabel.swift; sourceTree = "<group>"; };
		3F676D96294ED8B5007B4E45 /* CumView.swift */ = {isa = PBXFileReference; lastKnownFileType = sourcecode.swift; path = CumView.swift; sourceTree = "<group>"; };
		3F676D97294ED8B5007B4E45 /* CumView.xib */ = {isa = PBXFileReference; lastKnownFileType = file.xib; path = CumView.xib; sourceTree = "<group>"; };
		3F676D9B294ED8D0007B4E45 /* SetView.swift */ = {isa = PBXFileReference; lastKnownFileType = sourcecode.swift; path = SetView.swift; sourceTree = "<group>"; };
		3F676D9C294ED8D0007B4E45 /* SetView.xib */ = {isa = PBXFileReference; lastKnownFileType = file.xib; path = SetView.xib; sourceTree = "<group>"; };
		3F676D9F294EEE3F007B4E45 /* UIView+Radius.swift */ = {isa = PBXFileReference; lastKnownFileType = sourcecode.swift; path = "UIView+Radius.swift"; sourceTree = "<group>"; };
		3F676DA1294EEE65007B4E45 /* GrandientView.swift */ = {isa = PBXFileReference; lastKnownFileType = sourcecode.swift; path = GrandientView.swift; sourceTree = "<group>"; };
		3F81B348294ED2DB005A55CE /* EsportView.swift */ = {isa = PBXFileReference; lastKnownFileType = sourcecode.swift; path = EsportView.swift; sourceTree = "<group>"; };
		3F81B349294ED2DB005A55CE /* EsportView.xib */ = {isa = PBXFileReference; lastKnownFileType = file.xib; path = EsportView.xib; sourceTree = "<group>"; };
		3FDB29AA2948691900BBA4F8 /* ChampionTearCell.swift */ = {isa = PBXFileReference; lastKnownFileType = sourcecode.swift; path = ChampionTearCell.swift; sourceTree = "<group>"; };
		3FDB29AB2948691900BBA4F8 /* ChampionTearCell.xib */ = {isa = PBXFileReference; lastKnownFileType = file.xib; path = ChampionTearCell.xib; sourceTree = "<group>"; };
		3FDB29AE2948692E00BBA4F8 /* ChampionTearCellPresenter.swift */ = {isa = PBXFileReference; lastKnownFileType = sourcecode.swift; path = ChampionTearCellPresenter.swift; sourceTree = "<group>"; };
		3FDB29B129486F9E00BBA4F8 /* FavoriteChamp.swift */ = {isa = PBXFileReference; lastKnownFileType = sourcecode.swift; path = FavoriteChamp.swift; sourceTree = "<group>"; };
		3FDB29B229486F9E00BBA4F8 /* FavoriteChamp.xib */ = {isa = PBXFileReference; lastKnownFileType = file.xib; path = FavoriteChamp.xib; sourceTree = "<group>"; };
		3FDB29B529486FB500BBA4F8 /* FavoriteChampPresenter.swift */ = {isa = PBXFileReference; lastKnownFileType = sourcecode.swift; path = FavoriteChampPresenter.swift; sourceTree = "<group>"; };
		3FDB29B82948763300BBA4F8 /* TmiCell.swift */ = {isa = PBXFileReference; lastKnownFileType = sourcecode.swift; path = TmiCell.swift; sourceTree = "<group>"; };
		3FDB29B92948763400BBA4F8 /* TmiCell.xib */ = {isa = PBXFileReference; lastKnownFileType = file.xib; path = TmiCell.xib; sourceTree = "<group>"; };
		3FDB29BC2948764000BBA4F8 /* TmiCellPresenter.swift */ = {isa = PBXFileReference; lastKnownFileType = sourcecode.swift; path = TmiCellPresenter.swift; sourceTree = "<group>"; };
		3FDB29BF29487CE900BBA4F8 /* Sale.swift */ = {isa = PBXFileReference; lastKnownFileType = sourcecode.swift; path = Sale.swift; sourceTree = "<group>"; };
		3FDB29C029487CE900BBA4F8 /* Sale.xib */ = {isa = PBXFileReference; lastKnownFileType = file.xib; path = Sale.xib; sourceTree = "<group>"; };
		3FDB29C329487CF300BBA4F8 /* SalePresenter.swift */ = {isa = PBXFileReference; lastKnownFileType = sourcecode.swift; path = SalePresenter.swift; sourceTree = "<group>"; };
		3FDB29C529487F7F00BBA4F8 /* SaleCollectionViewCell.swift */ = {isa = PBXFileReference; lastKnownFileType = sourcecode.swift; path = SaleCollectionViewCell.swift; sourceTree = "<group>"; };
		3FDB29C629487F7F00BBA4F8 /* SaleCollectionViewCell.xib */ = {isa = PBXFileReference; lastKnownFileType = file.xib; path = SaleCollectionViewCell.xib; sourceTree = "<group>"; };
		8C2DDD59293A3E7200DA19C4 /* MainViewController.xib */ = {isa = PBXFileReference; lastKnownFileType = file.xib; path = MainViewController.xib; sourceTree = "<group>"; };
		8C375E282943283E00E7F437 /* SectionCell3Presenter.swift */ = {isa = PBXFileReference; lastKnownFileType = sourcecode.swift; path = SectionCell3Presenter.swift; sourceTree = "<group>"; };
		8C375E46294340BE00E7F437 /* SearchCell.swift */ = {isa = PBXFileReference; lastKnownFileType = sourcecode.swift; path = SearchCell.swift; sourceTree = "<group>"; };
		8C375E47294340BE00E7F437 /* SearchCell.xib */ = {isa = PBXFileReference; lastKnownFileType = file.xib; path = SearchCell.xib; sourceTree = "<group>"; };
		8C375E4A294340CE00E7F437 /* SearchCellPresenter.swift */ = {isa = PBXFileReference; lastKnownFileType = sourcecode.swift; path = SearchCellPresenter.swift; sourceTree = "<group>"; };
		8C375E502944680300E7F437 /* SenceDelegate.swift */ = {isa = PBXFileReference; lastKnownFileType = sourcecode.swift; path = SenceDelegate.swift; sourceTree = "<group>"; };
		8C375E52294468D600E7F437 /* TabBarController.swift */ = {isa = PBXFileReference; lastKnownFileType = sourcecode.swift; path = TabBarController.swift; sourceTree = "<group>"; };
		8C375E5529446C7900E7F437 /* ChampionsView.swift */ = {isa = PBXFileReference; lastKnownFileType = sourcecode.swift; path = ChampionsView.swift; sourceTree = "<group>"; };
		8C375E5629446C7900E7F437 /* ChampionsView.xib */ = {isa = PBXFileReference; lastKnownFileType = file.xib; path = ChampionsView.xib; sourceTree = "<group>"; };
		8C375E59294604BF00E7F437 /* PatchNoteCell.swift */ = {isa = PBXFileReference; lastKnownFileType = sourcecode.swift; path = PatchNoteCell.swift; sourceTree = "<group>"; };
		8C375E5A294604BF00E7F437 /* PatchNoteCell.xib */ = {isa = PBXFileReference; lastKnownFileType = file.xib; path = PatchNoteCell.xib; sourceTree = "<group>"; };
		8C375E5D2946055400E7F437 /* PatchNoteCellPresenter.swift */ = {isa = PBXFileReference; lastKnownFileType = sourcecode.swift; path = PatchNoteCellPresenter.swift; sourceTree = "<group>"; };
		8C375E5F29460E4500E7F437 /* PatchCollectionCell.swift */ = {isa = PBXFileReference; lastKnownFileType = sourcecode.swift; path = PatchCollectionCell.swift; sourceTree = "<group>"; };
		8C375E6029460E4500E7F437 /* PatchCollectionCell.xib */ = {isa = PBXFileReference; lastKnownFileType = file.xib; path = PatchCollectionCell.xib; sourceTree = "<group>"; };
		8C6BEDD4293F8B310004D98D /* SettingCell.swift */ = {isa = PBXFileReference; lastKnownFileType = sourcecode.swift; path = SettingCell.swift; sourceTree = "<group>"; };
		8CA03F2F2939E7D800EC9F34 /* MainViewController.swift */ = {isa = PBXFileReference; lastKnownFileType = sourcecode.swift; path = MainViewController.swift; sourceTree = "<group>"; };
		8CA03F3B293A00AF00EC9F34 /* DarkMode.swift */ = {isa = PBXFileReference; lastKnownFileType = sourcecode.swift; path = DarkMode.swift; sourceTree = "<group>"; };
		8CA1125C2935FB400086B021 /* op.gg.app */ = {isa = PBXFileReference; explicitFileType = wrapper.application; includeInIndex = 0; path = op.gg.app; sourceTree = BUILT_PRODUCTS_DIR; };
		8CA1125F2935FB400086B021 /* AppDelegate.swift */ = {isa = PBXFileReference; lastKnownFileType = sourcecode.swift; path = AppDelegate.swift; sourceTree = "<group>"; };
		8CA112682935FB450086B021 /* Assets.xcassets */ = {isa = PBXFileReference; lastKnownFileType = folder.assetcatalog; path = Assets.xcassets; sourceTree = "<group>"; };
		8CA1126B2935FB450086B021 /* Base */ = {isa = PBXFileReference; lastKnownFileType = file.storyboard; name = Base; path = Base.lproj/LaunchScreen.storyboard; sourceTree = "<group>"; };
		8CA1126D2935FB450086B021 /* Info.plist */ = {isa = PBXFileReference; lastKnownFileType = text.plist.xml; path = Info.plist; sourceTree = "<group>"; };
		8CCEA732293DD15200B4299A /* AdvertiseCell.swift */ = {isa = PBXFileReference; lastKnownFileType = sourcecode.swift; path = AdvertiseCell.swift; sourceTree = "<group>"; };
		8CCEA733293DD15200B4299A /* AdvertiseCell.xib */ = {isa = PBXFileReference; lastKnownFileType = file.xib; path = AdvertiseCell.xib; sourceTree = "<group>"; };
		8CCEA736293DD65500B4299A /* FavoriteCell.swift */ = {isa = PBXFileReference; lastKnownFileType = sourcecode.swift; path = FavoriteCell.swift; sourceTree = "<group>"; };
		8CCEA737293DD65500B4299A /* FavoriteCell.xib */ = {isa = PBXFileReference; lastKnownFileType = file.xib; path = FavoriteCell.xib; sourceTree = "<group>"; };
		8CCEA73A293DE7EA00B4299A /* MyProfile.swift */ = {isa = PBXFileReference; lastKnownFileType = sourcecode.swift; path = MyProfile.swift; sourceTree = "<group>"; };
		8CCEA73B293DE7EA00B4299A /* MyProfile.xib */ = {isa = PBXFileReference; lastKnownFileType = file.xib; path = MyProfile.xib; sourceTree = "<group>"; };
/* End PBXFileReference section */

/* Begin PBXFrameworksBuildPhase section */
		8CA112592935FB400086B021 /* Frameworks */ = {
			isa = PBXFrameworksBuildPhase;
			buildActionMask = 2147483647;
			files = (
			);
			runOnlyForDeploymentPostprocessing = 0;
		};
/* End PBXFrameworksBuildPhase section */

/* Begin PBXGroup section */
		324141392942F23B00C29B9E /* Common */ = {
			isa = PBXGroup;
			children = (
				3241413A2942F24C00C29B9E /* CommonTablePresenter.swift */,
				324141432942FE9500C29B9E /* CommonHeaderView.swift */,
				324141452942FEA100C29B9E /* CommonHeaderView.xib */,
				3F676D9F294EEE3F007B4E45 /* UIView+Radius.swift */,
				3F1657E629506377002D2627 /* UIView+Border.swift */,
				3F676DA1294EEE65007B4E45 /* GrandientView.swift */,
				3F00DD3F294F0307008E7C6A /* CommonFooterView.swift */,
				3F00DD41294F0325008E7C6A /* CommonFooterView.xib */,
				3F1657E829506679002D2627 /* String+MiddleLine.swift */,
				3F4CB4E02951A3CA0012791A /* PaddingLabel.swift */,
				3F45197A29558DBA002C1068 /* DelegateProtocol.swift */,
			);
			path = Common;
			sourceTree = "<group>";
		};
		3241413C2942F29700C29B9E /* AdvertiseCell */ = {
			isa = PBXGroup;
			children = (
				8CCEA732293DD15200B4299A /* AdvertiseCell.swift */,
				8CCEA733293DD15200B4299A /* AdvertiseCell.xib */,
				324141412942FA6300C29B9E /* AdvertiseCellPresenter.swift */,
			);
			path = AdvertiseCell;
			sourceTree = "<group>";
		};
		3241413D2942F2AB00C29B9E /* SectionCell1 */ = {
			isa = PBXGroup;
			children = (
				8CCEA73A293DE7EA00B4299A /* MyProfile.swift */,
				8CCEA73B293DE7EA00B4299A /* MyProfile.xib */,
				3241413F2942F2FD00C29B9E /* MyProfilePresenter.swift */,
			);
			path = SectionCell1;
			sourceTree = "<group>";
		};
		3241413E2942F2BC00C29B9E /* SectionCell3 */ = {
			isa = PBXGroup;
			children = (
				8CCEA736293DD65500B4299A /* FavoriteCell.swift */,
				8CCEA737293DD65500B4299A /* FavoriteCell.xib */,
				8C375E282943283E00E7F437 /* SectionCell3Presenter.swift */,
			);
			path = SectionCell3;
			sourceTree = "<group>";
		};
		3F012933294AF4EB006C74A1 /* OrderGame */ = {
			isa = PBXGroup;
			children = (
				3F012934294AF51F006C74A1 /* OrderGame.swift */,
				3F012935294AF51F006C74A1 /* OrderGame.xib */,
				3F012938294AF52D006C74A1 /* OrdergamePresenter.swift */,
				3F01293A294AF58C006C74A1 /* OrderGameCollectionCell.swift */,
				3F01293B294AF58C006C74A1 /* OrderGameCollectionCell.xib */,
			);
			path = OrderGame;
			sourceTree = "<group>";
		};
		3F01293E294B06B3006C74A1 /* LastCell */ = {
			isa = PBXGroup;
			children = (
				3F01293F294B0782006C74A1 /* LastCell.swift */,
				3F012940294B0782006C74A1 /* LastCell.xib */,
				3F012943294B0793006C74A1 /* LastCellPresenter.swift */,
			);
			path = LastCell;
			sourceTree = "<group>";
		};
		3F676D95294ED887007B4E45 /* CumView */ = {
			isa = PBXGroup;
			children = (
				3F676D9A294ED8BD007B4E45 /* SetView */,
				3F676D96294ED8B5007B4E45 /* CumView.swift */,
				3F676D97294ED8B5007B4E45 /* CumView.xib */,
			);
			path = CumView;
			sourceTree = "<group>";
		};
		3F676D9A294ED8BD007B4E45 /* SetView */ = {
			isa = PBXGroup;
			children = (
				3F676D9B294ED8D0007B4E45 /* SetView.swift */,
				3F676D9C294ED8D0007B4E45 /* SetView.xib */,
			);
			path = SetView;
			sourceTree = "<group>";
		};
		3F81B347294ED2BA005A55CE /* EsportView */ = {
			isa = PBXGroup;
			children = (
				3F81B348294ED2DB005A55CE /* EsportView.swift */,
				3F81B349294ED2DB005A55CE /* EsportView.xib */,
				3F676D95294ED887007B4E45 /* CumView */,
			);
			path = EsportView;
			sourceTree = "<group>";
		};
		3F9D310B2959780F00F24340 /* SearchView */ = {
			isa = PBXGroup;
			children = (
				3F3CF3FB29532D2700500B1E /* SearchView.swift */,
				3F3CF3FC29532D2700500B1E /* SearchView.xib */,
				3F4944EA295978590094AC0A /* SearchViewCell.swift */,
				3F4944EB295978590094AC0A /* SearchViewCell.xib */,
				3F4944EE29597E3D0094AC0A /* CommonSearchHeaderView.swift */,
				3F4944F029597E4D0094AC0A /* CommonSearchHeaderView.xib */,
			);
			path = SearchView;
			sourceTree = "<group>";
		};
		3FDB29A82948687C00BBA4F8 /* PatchNote */ = {
			isa = PBXGroup;
			children = (
				8C375E59294604BF00E7F437 /* PatchNoteCell.swift */,
				8C375E5A294604BF00E7F437 /* PatchNoteCell.xib */,
				8C375E5D2946055400E7F437 /* PatchNoteCellPresenter.swift */,
				8C375E5F29460E4500E7F437 /* PatchCollectionCell.swift */,
				8C375E6029460E4500E7F437 /* PatchCollectionCell.xib */,
			);
			path = PatchNote;
			sourceTree = "<group>";
		};
		3FDB29A9294868AB00BBA4F8 /* ChampionTear */ = {
			isa = PBXGroup;
			children = (
				3FDB29AA2948691900BBA4F8 /* ChampionTearCell.swift */,
				3FDB29AB2948691900BBA4F8 /* ChampionTearCell.xib */,
				3FDB29AE2948692E00BBA4F8 /* ChampionTearCellPresenter.swift */,
			);
			path = ChampionTear;
			sourceTree = "<group>";
		};
		3FDB29B029486F6E00BBA4F8 /* FavoriteChamp */ = {
			isa = PBXGroup;
			children = (
				3FDB29B129486F9E00BBA4F8 /* FavoriteChamp.swift */,
				3FDB29B229486F9E00BBA4F8 /* FavoriteChamp.xib */,
				3FDB29B529486FB500BBA4F8 /* FavoriteChampPresenter.swift */,
			);
			path = FavoriteChamp;
			sourceTree = "<group>";
		};
		3FDB29B72948761100BBA4F8 /* TmiCell */ = {
			isa = PBXGroup;
			children = (
				3FDB29B82948763300BBA4F8 /* TmiCell.swift */,
				3FDB29B92948763400BBA4F8 /* TmiCell.xib */,
				3FDB29BC2948764000BBA4F8 /* TmiCellPresenter.swift */,
			);
			path = TmiCell;
			sourceTree = "<group>";
		};
		3FDB29BE29487CD200BBA4F8 /* sale */ = {
			isa = PBXGroup;
			children = (
				3FDB29BF29487CE900BBA4F8 /* Sale.swift */,
				3FDB29C029487CE900BBA4F8 /* Sale.xib */,
				3FDB29C329487CF300BBA4F8 /* SalePresenter.swift */,
				3FDB29C529487F7F00BBA4F8 /* SaleCollectionViewCell.swift */,
				3FDB29C629487F7F00BBA4F8 /* SaleCollectionViewCell.xib */,
			);
			path = sale;
			sourceTree = "<group>";
		};
		8C375E45294340AA00E7F437 /* SearchCell */ = {
			isa = PBXGroup;
			children = (
				8C375E46294340BE00E7F437 /* SearchCell.swift */,
				8C375E47294340BE00E7F437 /* SearchCell.xib */,
				8C375E4A294340CE00E7F437 /* SearchCellPresenter.swift */,
			);
			path = SearchCell;
			sourceTree = "<group>";
		};
		8C375E5429446C1200E7F437 /* ChampionsView */ = {
			isa = PBXGroup;
			children = (
				8C375E5529446C7900E7F437 /* ChampionsView.swift */,
				8C375E5629446C7900E7F437 /* ChampionsView.xib */,
				3F81B347294ED2BA005A55CE /* EsportView */,
			);
			path = ChampionsView;
			sourceTree = "<group>";
		};
		8C6BEDD3293F8B110004D98D /* SettingCell */ = {
			isa = PBXGroup;
			children = (
				8C6BEDD4293F8B310004D98D /* SettingCell.swift */,
			);
			path = SettingCell;
			sourceTree = "<group>";
		};
		8CA03F2D2939E76500EC9F34 /* ViewController */ = {
			isa = PBXGroup;
			children = (
				3F9D310B2959780F00F24340 /* SearchView */,
				8CA03F2F2939E7D800EC9F34 /* MainViewController.swift */,
				8C2DDD59293A3E7200DA19C4 /* MainViewController.xib */,
				8C375E52294468D600E7F437 /* TabBarController.swift */,
				8C375E5429446C1200E7F437 /* ChampionsView */,
			);
			path = ViewController;
			sourceTree = "<group>";
		};
		8CA03F2E2939E78900EC9F34 /* TableViewCell */ = {
			isa = PBXGroup;
			children = (
				3F01293E294B06B3006C74A1 /* LastCell */,
				3F012933294AF4EB006C74A1 /* OrderGame */,
				3FDB29BE29487CD200BBA4F8 /* sale */,
				3FDB29B72948761100BBA4F8 /* TmiCell */,
				3FDB29B029486F6E00BBA4F8 /* FavoriteChamp */,
				3FDB29A9294868AB00BBA4F8 /* ChampionTear */,
				3FDB29A82948687C00BBA4F8 /* PatchNote */,
				8C375E45294340AA00E7F437 /* SearchCell */,
				3241413D2942F2AB00C29B9E /* SectionCell1 */,
				3241413C2942F29700C29B9E /* AdvertiseCell */,
				3241413E2942F2BC00C29B9E /* SectionCell3 */,
			);
			path = TableViewCell;
			sourceTree = "<group>";
		};
		8CA112532935FB400086B021 = {
			isa = PBXGroup;
			children = (
				324141392942F23B00C29B9E /* Common */,
				8C6BEDD3293F8B110004D98D /* SettingCell */,
				8CA03F2E2939E78900EC9F34 /* TableViewCell */,
				8CA03F2D2939E76500EC9F34 /* ViewController */,
				8CA1125E2935FB400086B021 /* op.gg */,
				8CA1125D2935FB400086B021 /* Products */,
			);
			sourceTree = "<group>";
		};
		8CA1125D2935FB400086B021 /* Products */ = {
			isa = PBXGroup;
			children = (
				8CA1125C2935FB400086B021 /* op.gg.app */,
			);
			name = Products;
			sourceTree = "<group>";
		};
		8CA1125E2935FB400086B021 /* op.gg */ = {
			isa = PBXGroup;
			children = (
				8CA1125F2935FB400086B021 /* AppDelegate.swift */,
				8CA112682935FB450086B021 /* Assets.xcassets */,
				8CA1126A2935FB450086B021 /* LaunchScreen.storyboard */,
				8CA1126D2935FB450086B021 /* Info.plist */,
				8CA03F3B293A00AF00EC9F34 /* DarkMode.swift */,
				8C375E502944680300E7F437 /* SenceDelegate.swift */,
			);
			path = op.gg;
			sourceTree = "<group>";
		};
/* End PBXGroup section */

/* Begin PBXNativeTarget section */
		8CA1125B2935FB400086B021 /* op.gg */ = {
			isa = PBXNativeTarget;
			buildConfigurationList = 8CA112702935FB450086B021 /* Build configuration list for PBXNativeTarget "op.gg" */;
			buildPhases = (
				8CA112582935FB400086B021 /* Sources */,
				8CA112592935FB400086B021 /* Frameworks */,
				8CA1125A2935FB400086B021 /* Resources */,
			);
			buildRules = (
			);
			dependencies = (
			);
			name = op.gg;
			productName = op.gg;
			productReference = 8CA1125C2935FB400086B021 /* op.gg.app */;
			productType = "com.apple.product-type.application";
		};
/* End PBXNativeTarget section */

/* Begin PBXProject section */
		8CA112542935FB400086B021 /* Project object */ = {
			isa = PBXProject;
			attributes = {
				BuildIndependentTargetsInParallel = 1;
				LastSwiftUpdateCheck = 1340;
				LastUpgradeCheck = 1340;
				TargetAttributes = {
					8CA1125B2935FB400086B021 = {
						CreatedOnToolsVersion = 13.4.1;
					};
				};
			};
			buildConfigurationList = 8CA112572935FB400086B021 /* Build configuration list for PBXProject "op.gg" */;
			compatibilityVersion = "Xcode 13.0";
			developmentRegion = en;
			hasScannedForEncodings = 0;
			knownRegions = (
				en,
				Base,
			);
			mainGroup = 8CA112532935FB400086B021;
			productRefGroup = 8CA1125D2935FB400086B021 /* Products */;
			projectDirPath = "";
			projectRoot = "";
			targets = (
				8CA1125B2935FB400086B021 /* op.gg */,
			);
		};
/* End PBXProject section */

/* Begin PBXResourcesBuildPhase section */
		8CA1125A2935FB400086B021 /* Resources */ = {
			isa = PBXResourcesBuildPhase;
			buildActionMask = 2147483647;
			files = (
				3F4944ED295978590094AC0A /* SearchViewCell.xib in Resources */,
				3FDB29BB2948763400BBA4F8 /* TmiCell.xib in Resources */,
				3FDB29C229487CE900BBA4F8 /* Sale.xib in Resources */,
				324141462942FEA100C29B9E /* CommonHeaderView.xib in Resources */,
				3FDB29B429486F9E00BBA4F8 /* FavoriteChamp.xib in Resources */,
				8CCEA735293DD15200B4299A /* AdvertiseCell.xib in Resources */,
				8CCEA739293DD65500B4299A /* FavoriteCell.xib in Resources */,
				3F012942294B0782006C74A1 /* LastCell.xib in Resources */,
				3F01293D294AF58C006C74A1 /* OrderGameCollectionCell.xib in Resources */,
				3F3CF3FE29532D2700500B1E /* SearchView.xib in Resources */,
				8C375E6229460E4500E7F437 /* PatchCollectionCell.xib in Resources */,
				3FDB29C829487F7F00BBA4F8 /* SaleCollectionViewCell.xib in Resources */,
				3FDB29AD2948691900BBA4F8 /* ChampionTearCell.xib in Resources */,
				8C375E5829446C7900E7F437 /* ChampionsView.xib in Resources */,
				8CA1126C2935FB450086B021 /* LaunchScreen.storyboard in Resources */,
				3F676D9E294ED8D0007B4E45 /* SetView.xib in Resources */,
				3F00DD42294F0325008E7C6A /* CommonFooterView.xib in Resources */,
				3F676D99294ED8B5007B4E45 /* CumView.xib in Resources */,
				8CCEA73D293DE7EA00B4299A /* MyProfile.xib in Resources */,
				8C375E49294340BE00E7F437 /* SearchCell.xib in Resources */,
				8C2DDD5A293A3E7200DA19C4 /* MainViewController.xib in Resources */,
				8C375E5C294604BF00E7F437 /* PatchNoteCell.xib in Resources */,
				3F4944F129597E4D0094AC0A /* CommonSearchHeaderView.xib in Resources */,
				3F012937294AF51F006C74A1 /* OrderGame.xib in Resources */,
				8CA112692935FB450086B021 /* Assets.xcassets in Resources */,
				3F81B34B294ED2DB005A55CE /* EsportView.xib in Resources */,
			);
			runOnlyForDeploymentPostprocessing = 0;
		};
/* End PBXResourcesBuildPhase section */

/* Begin PBXSourcesBuildPhase section */
		8CA112582935FB400086B021 /* Sources */ = {
			isa = PBXSourcesBuildPhase;
			buildActionMask = 2147483647;
			files = (
				8CA03F3C293A00AF00EC9F34 /* DarkMode.swift in Sources */,
				8C375E53294468D600E7F437 /* TabBarController.swift in Sources */,
				8CA03F312939E7D800EC9F34 /* MainViewController.swift in Sources */,
				3FDB29BD2948764000BBA4F8 /* TmiCellPresenter.swift in Sources */,
				8C375E5E2946055400E7F437 /* PatchNoteCellPresenter.swift in Sources */,
				324141442942FE9500C29B9E /* CommonHeaderView.swift in Sources */,
				8C375E48294340BE00E7F437 /* SearchCell.swift in Sources */,
				8C6BEDD5293F8B310004D98D /* SettingCell.swift in Sources */,
				3F4944EF29597E3D0094AC0A /* CommonSearchHeaderView.swift in Sources */,
				8CCEA73C293DE7EA00B4299A /* MyProfile.swift in Sources */,
				3F3CF3FD29532D2700500B1E /* SearchView.swift in Sources */,
				8C375E512944680300E7F437 /* SenceDelegate.swift in Sources */,
				3FDB29C729487F7F00BBA4F8 /* SaleCollectionViewCell.swift in Sources */,
				3FDB29C129487CE900BBA4F8 /* Sale.swift in Sources */,
				3F00DD40294F0307008E7C6A /* CommonFooterView.swift in Sources */,
				3FDB29B329486F9E00BBA4F8 /* FavoriteChamp.swift in Sources */,
				324141422942FA6300C29B9E /* AdvertiseCellPresenter.swift in Sources */,
				3FDB29BA2948763400BBA4F8 /* TmiCell.swift in Sources */,
				3F012939294AF52D006C74A1 /* OrdergamePresenter.swift in Sources */,
				3F676D98294ED8B5007B4E45 /* CumView.swift in Sources */,
				3F012944294B0793006C74A1 /* LastCellPresenter.swift in Sources */,
				3F676DA2294EEE65007B4E45 /* GrandientView.swift in Sources */,
				8CCEA734293DD15200B4299A /* AdvertiseCell.swift in Sources */,
				3FDB29C429487CF300BBA4F8 /* SalePresenter.swift in Sources */,
				3FDB29AF2948692E00BBA4F8 /* ChampionTearCellPresenter.swift in Sources */,
				3F012936294AF51F006C74A1 /* OrderGame.swift in Sources */,
				3F012941294B0782006C74A1 /* LastCell.swift in Sources */,
				8CA112602935FB400086B021 /* AppDelegate.swift in Sources */,
				3F1657E929506679002D2627 /* String+MiddleLine.swift in Sources */,
				8CCEA738293DD65500B4299A /* FavoriteCell.swift in Sources */,
				8C375E5B294604BF00E7F437 /* PatchNoteCell.swift in Sources */,
				3F4944EC295978590094AC0A /* SearchViewCell.swift in Sources */,
				3FDB29B629486FB500BBA4F8 /* FavoriteChampPresenter.swift in Sources */,
				3F45197B29558DBA002C1068 /* DelegateProtocol.swift in Sources */,
				324141402942F2FD00C29B9E /* MyProfilePresenter.swift in Sources */,
				3F4CB4E12951A3CA0012791A /* PaddingLabel.swift in Sources */,
				8C375E5729446C7900E7F437 /* ChampionsView.swift in Sources */,
				3F1657E729506377002D2627 /* UIView+Border.swift in Sources */,
				3F01293C294AF58C006C74A1 /* OrderGameCollectionCell.swift in Sources */,
				8C375E6129460E4500E7F437 /* PatchCollectionCell.swift in Sources */,
				8C375E292943283E00E7F437 /* SectionCell3Presenter.swift in Sources */,
				3F676D9D294ED8D0007B4E45 /* SetView.swift in Sources */,
				8C375E4B294340CE00E7F437 /* SearchCellPresenter.swift in Sources */,
				3F676DA0294EEE3F007B4E45 /* UIView+Radius.swift in Sources */,
				3F81B34A294ED2DB005A55CE /* EsportView.swift in Sources */,
				3241413B2942F24C00C29B9E /* CommonTablePresenter.swift in Sources */,
				3FDB29AC2948691900BBA4F8 /* ChampionTearCell.swift in Sources */,
			);
			runOnlyForDeploymentPostprocessing = 0;
		};
/* End PBXSourcesBuildPhase section */

/* Begin PBXVariantGroup section */
		8CA1126A2935FB450086B021 /* LaunchScreen.storyboard */ = {
			isa = PBXVariantGroup;
			children = (
				8CA1126B2935FB450086B021 /* Base */,
			);
			name = LaunchScreen.storyboard;
			sourceTree = "<group>";
		};
/* End PBXVariantGroup section */

/* Begin XCBuildConfiguration section */
		8CA1126E2935FB450086B021 /* Debug */ = {
			isa = XCBuildConfiguration;
			buildSettings = {
				ALWAYS_SEARCH_USER_PATHS = NO;
				CLANG_ANALYZER_NONNULL = YES;
				CLANG_ANALYZER_NUMBER_OBJECT_CONVERSION = YES_AGGRESSIVE;
				CLANG_CXX_LANGUAGE_STANDARD = "gnu++17";
				CLANG_ENABLE_MODULES = YES;
				CLANG_ENABLE_OBJC_ARC = YES;
				CLANG_ENABLE_OBJC_WEAK = YES;
				CLANG_WARN_BLOCK_CAPTURE_AUTORELEASING = YES;
				CLANG_WARN_BOOL_CONVERSION = YES;
				CLANG_WARN_COMMA = YES;
				CLANG_WARN_CONSTANT_CONVERSION = YES;
				CLANG_WARN_DEPRECATED_OBJC_IMPLEMENTATIONS = YES;
				CLANG_WARN_DIRECT_OBJC_ISA_USAGE = YES_ERROR;
				CLANG_WARN_DOCUMENTATION_COMMENTS = YES;
				CLANG_WARN_EMPTY_BODY = YES;
				CLANG_WARN_ENUM_CONVERSION = YES;
				CLANG_WARN_INFINITE_RECURSION = YES;
				CLANG_WARN_INT_CONVERSION = YES;
				CLANG_WARN_NON_LITERAL_NULL_CONVERSION = YES;
				CLANG_WARN_OBJC_IMPLICIT_RETAIN_SELF = YES;
				CLANG_WARN_OBJC_LITERAL_CONVERSION = YES;
				CLANG_WARN_OBJC_ROOT_CLASS = YES_ERROR;
				CLANG_WARN_QUOTED_INCLUDE_IN_FRAMEWORK_HEADER = YES;
				CLANG_WARN_RANGE_LOOP_ANALYSIS = YES;
				CLANG_WARN_STRICT_PROTOTYPES = YES;
				CLANG_WARN_SUSPICIOUS_MOVE = YES;
				CLANG_WARN_UNGUARDED_AVAILABILITY = YES_AGGRESSIVE;
				CLANG_WARN_UNREACHABLE_CODE = YES;
				CLANG_WARN__DUPLICATE_METHOD_MATCH = YES;
				COPY_PHASE_STRIP = NO;
				DEBUG_INFORMATION_FORMAT = dwarf;
				ENABLE_STRICT_OBJC_MSGSEND = YES;
				ENABLE_TESTABILITY = YES;
				GCC_C_LANGUAGE_STANDARD = gnu11;
				GCC_DYNAMIC_NO_PIC = NO;
				GCC_NO_COMMON_BLOCKS = YES;
				GCC_OPTIMIZATION_LEVEL = 0;
				GCC_PREPROCESSOR_DEFINITIONS = (
					"DEBUG=1",
					"$(inherited)",
				);
				GCC_WARN_64_TO_32_BIT_CONVERSION = YES;
				GCC_WARN_ABOUT_RETURN_TYPE = YES_ERROR;
				GCC_WARN_UNDECLARED_SELECTOR = YES;
				GCC_WARN_UNINITIALIZED_AUTOS = YES_AGGRESSIVE;
				GCC_WARN_UNUSED_FUNCTION = YES;
				GCC_WARN_UNUSED_VARIABLE = YES;
				IPHONEOS_DEPLOYMENT_TARGET = 15.5;
				MTL_ENABLE_DEBUG_INFO = INCLUDE_SOURCE;
				MTL_FAST_MATH = YES;
				ONLY_ACTIVE_ARCH = YES;
				SDKROOT = iphoneos;
				SWIFT_ACTIVE_COMPILATION_CONDITIONS = DEBUG;
				SWIFT_OPTIMIZATION_LEVEL = "-Onone";
			};
			name = Debug;
		};
		8CA1126F2935FB450086B021 /* Release */ = {
			isa = XCBuildConfiguration;
			buildSettings = {
				ALWAYS_SEARCH_USER_PATHS = NO;
				CLANG_ANALYZER_NONNULL = YES;
				CLANG_ANALYZER_NUMBER_OBJECT_CONVERSION = YES_AGGRESSIVE;
				CLANG_CXX_LANGUAGE_STANDARD = "gnu++17";
				CLANG_ENABLE_MODULES = YES;
				CLANG_ENABLE_OBJC_ARC = YES;
				CLANG_ENABLE_OBJC_WEAK = YES;
				CLANG_WARN_BLOCK_CAPTURE_AUTORELEASING = YES;
				CLANG_WARN_BOOL_CONVERSION = YES;
				CLANG_WARN_COMMA = YES;
				CLANG_WARN_CONSTANT_CONVERSION = YES;
				CLANG_WARN_DEPRECATED_OBJC_IMPLEMENTATIONS = YES;
				CLANG_WARN_DIRECT_OBJC_ISA_USAGE = YES_ERROR;
				CLANG_WARN_DOCUMENTATION_COMMENTS = YES;
				CLANG_WARN_EMPTY_BODY = YES;
				CLANG_WARN_ENUM_CONVERSION = YES;
				CLANG_WARN_INFINITE_RECURSION = YES;
				CLANG_WARN_INT_CONVERSION = YES;
				CLANG_WARN_NON_LITERAL_NULL_CONVERSION = YES;
				CLANG_WARN_OBJC_IMPLICIT_RETAIN_SELF = YES;
				CLANG_WARN_OBJC_LITERAL_CONVERSION = YES;
				CLANG_WARN_OBJC_ROOT_CLASS = YES_ERROR;
				CLANG_WARN_QUOTED_INCLUDE_IN_FRAMEWORK_HEADER = YES;
				CLANG_WARN_RANGE_LOOP_ANALYSIS = YES;
				CLANG_WARN_STRICT_PROTOTYPES = YES;
				CLANG_WARN_SUSPICIOUS_MOVE = YES;
				CLANG_WARN_UNGUARDED_AVAILABILITY = YES_AGGRESSIVE;
				CLANG_WARN_UNREACHABLE_CODE = YES;
				CLANG_WARN__DUPLICATE_METHOD_MATCH = YES;
				COPY_PHASE_STRIP = NO;
				DEBUG_INFORMATION_FORMAT = "dwarf-with-dsym";
				ENABLE_NS_ASSERTIONS = NO;
				ENABLE_STRICT_OBJC_MSGSEND = YES;
				GCC_C_LANGUAGE_STANDARD = gnu11;
				GCC_NO_COMMON_BLOCKS = YES;
				GCC_WARN_64_TO_32_BIT_CONVERSION = YES;
				GCC_WARN_ABOUT_RETURN_TYPE = YES_ERROR;
				GCC_WARN_UNDECLARED_SELECTOR = YES;
				GCC_WARN_UNINITIALIZED_AUTOS = YES_AGGRESSIVE;
				GCC_WARN_UNUSED_FUNCTION = YES;
				GCC_WARN_UNUSED_VARIABLE = YES;
				IPHONEOS_DEPLOYMENT_TARGET = 15.5;
				MTL_ENABLE_DEBUG_INFO = NO;
				MTL_FAST_MATH = YES;
				SDKROOT = iphoneos;
				SWIFT_COMPILATION_MODE = wholemodule;
				SWIFT_OPTIMIZATION_LEVEL = "-O";
				VALIDATE_PRODUCT = YES;
			};
			name = Release;
		};
		8CA112712935FB450086B021 /* Debug */ = {
			isa = XCBuildConfiguration;
			buildSettings = {
				ASSETCATALOG_COMPILER_APPICON_NAME = AppIcon;
				ASSETCATALOG_COMPILER_GLOBAL_ACCENT_COLOR_NAME = AccentColor;
				CODE_SIGN_STYLE = Automatic;
				CURRENT_PROJECT_VERSION = 1;
				DEVELOPMENT_TEAM = L7LS4A268C;
				GENERATE_INFOPLIST_FILE = YES;
				INFOPLIST_FILE = op.gg/Info.plist;
				INFOPLIST_KEY_UIApplicationSupportsIndirectInputEvents = YES;
				INFOPLIST_KEY_UILaunchStoryboardName = LaunchScreen;
				INFOPLIST_KEY_UISupportedInterfaceOrientations_iPad = "UIInterfaceOrientationPortrait UIInterfaceOrientationPortraitUpsideDown UIInterfaceOrientationLandscapeLeft UIInterfaceOrientationLandscapeRight";
				INFOPLIST_KEY_UISupportedInterfaceOrientations_iPhone = "UIInterfaceOrientationPortrait UIInterfaceOrientationLandscapeLeft UIInterfaceOrientationLandscapeRight";
				LD_RUNPATH_SEARCH_PATHS = (
					"$(inherited)",
					"@executable_path/Frameworks",
				);
				MARKETING_VERSION = 1.0;
				PRODUCT_BUNDLE_IDENTIFIER = "joon.op-gg";
				PRODUCT_NAME = "$(TARGET_NAME)";
				SWIFT_EMIT_LOC_STRINGS = YES;
				SWIFT_VERSION = 5.0;
				TARGETED_DEVICE_FAMILY = "1,2";
			};
			name = Debug;
		};
		8CA112722935FB450086B021 /* Release */ = {
			isa = XCBuildConfiguration;
			buildSettings = {
				ASSETCATALOG_COMPILER_APPICON_NAME = AppIcon;
				ASSETCATALOG_COMPILER_GLOBAL_ACCENT_COLOR_NAME = AccentColor;
				CODE_SIGN_STYLE = Automatic;
				CURRENT_PROJECT_VERSION = 1;
				DEVELOPMENT_TEAM = L7LS4A268C;
				GENERATE_INFOPLIST_FILE = YES;
				INFOPLIST_FILE = op.gg/Info.plist;
				INFOPLIST_KEY_UIApplicationSupportsIndirectInputEvents = YES;
				INFOPLIST_KEY_UILaunchStoryboardName = LaunchScreen;
				INFOPLIST_KEY_UISupportedInterfaceOrientations_iPad = "UIInterfaceOrientationPortrait UIInterfaceOrientationPortraitUpsideDown UIInterfaceOrientationLandscapeLeft UIInterfaceOrientationLandscapeRight";
				INFOPLIST_KEY_UISupportedInterfaceOrientations_iPhone = "UIInterfaceOrientationPortrait UIInterfaceOrientationLandscapeLeft UIInterfaceOrientationLandscapeRight";
				LD_RUNPATH_SEARCH_PATHS = (
					"$(inherited)",
					"@executable_path/Frameworks",
				);
				MARKETING_VERSION = 1.0;
				PRODUCT_BUNDLE_IDENTIFIER = "joon.op-gg";
				PRODUCT_NAME = "$(TARGET_NAME)";
				SWIFT_EMIT_LOC_STRINGS = YES;
				SWIFT_VERSION = 5.0;
				TARGETED_DEVICE_FAMILY = "1,2";
			};
			name = Release;
		};
/* End XCBuildConfiguration section */

/* Begin XCConfigurationList section */
		8CA112572935FB400086B021 /* Build configuration list for PBXProject "op.gg" */ = {
			isa = XCConfigurationList;
			buildConfigurations = (
				8CA1126E2935FB450086B021 /* Debug */,
				8CA1126F2935FB450086B021 /* Release */,
			);
			defaultConfigurationIsVisible = 0;
			defaultConfigurationName = Release;
		};
		8CA112702935FB450086B021 /* Build configuration list for PBXNativeTarget "op.gg" */ = {
			isa = XCConfigurationList;
			buildConfigurations = (
				8CA112712935FB450086B021 /* Debug */,
				8CA112722935FB450086B021 /* Release */,
			);
			defaultConfigurationIsVisible = 0;
			defaultConfigurationName = Release;
		};
/* End XCConfigurationList section */
	};
	rootObject = 8CA112542935FB400086B021 /* Project object */;
}
