// !$*UTF8*$!
{
	archiveVersion = 1;
	classes = {
	};
	objectVersion = 55;
	objects = {

/* Begin PBXBuildFile section */
		8C2DDD5A293A3E7200DA19C4 /* MainViewController.xib in Resources */ = {isa = PBXBuildFile; fileRef = 8C2DDD59293A3E7200DA19C4 /* MainViewController.xib */; };
		8C375E232943213E00E7F437 /* CommonTablePresenter.swift in Sources */ = {isa = PBXBuildFile; fileRef = 8C375E222943213E00E7F437 /* CommonTablePresenter.swift */; };
		8C375E252943216500E7F437 /* CommonHeaderView.swift in Sources */ = {isa = PBXBuildFile; fileRef = 8C375E242943216500E7F437 /* CommonHeaderView.swift */; };
		8C375E272943217500E7F437 /* CommonHeaderView.xib in Resources */ = {isa = PBXBuildFile; fileRef = 8C375E262943217500E7F437 /* CommonHeaderView.xib */; };
		8C375E2C29432FBB00E7F437 /* SearchCell.swift in Sources */ = {isa = PBXBuildFile; fileRef = 8C375E2A29432FBB00E7F437 /* SearchCell.swift */; };
		8C375E2D29432FBB00E7F437 /* SearchCell.xib in Resources */ = {isa = PBXBuildFile; fileRef = 8C375E2B29432FBB00E7F437 /* SearchCell.xib */; };
		8C375E2F2943314800E7F437 /* MyProfilePresenter.swift in Sources */ = {isa = PBXBuildFile; fileRef = 8C375E2E2943314800E7F437 /* MyProfilePresenter.swift */; };
		8C375E3B2943348300E7F437 /* AdvertiseCellPresenter.swift in Sources */ = {isa = PBXBuildFile; fileRef = 8C375E3A2943348300E7F437 /* AdvertiseCellPresenter.swift */; };
		8C375E3D2943367D00E7F437 /* SectionCell3Presenter.swift in Sources */ = {isa = PBXBuildFile; fileRef = 8C375E3C2943367C00E7F437 /* SectionCell3Presenter.swift */; };
		8C375E402943395F00E7F437 /* SearchCellPresenter.swift in Sources */ = {isa = PBXBuildFile; fileRef = 8C375E3F2943395F00E7F437 /* SearchCellPresenter.swift */; };
		8C6BEDD5293F8B310004D98D /* SettingCell.swift in Sources */ = {isa = PBXBuildFile; fileRef = 8C6BEDD4293F8B310004D98D /* SettingCell.swift */; };
		8CA03F312939E7D800EC9F34 /* MainViewController.swift in Sources */ = {isa = PBXBuildFile; fileRef = 8CA03F2F2939E7D800EC9F34 /* MainViewController.swift */; };
		8CA112602935FB400086B021 /* AppDelegate.swift in Sources */ = {isa = PBXBuildFile; fileRef = 8CA1125F2935FB400086B021 /* AppDelegate.swift */; };
		8CA112622935FB400086B021 /* SceneDelegate.swift in Sources */ = {isa = PBXBuildFile; fileRef = 8CA112612935FB400086B021 /* SceneDelegate.swift */; };
		8CA112692935FB450086B021 /* Assets.xcassets in Resources */ = {isa = PBXBuildFile; fileRef = 8CA112682935FB450086B021 /* Assets.xcassets */; };
		8CA1126C2935FB450086B021 /* LaunchScreen.storyboard in Resources */ = {isa = PBXBuildFile; fileRef = 8CA1126A2935FB450086B021 /* LaunchScreen.storyboard */; };
		8CCEA734293DD15200B4299A /* AdvertiseCell.swift in Sources */ = {isa = PBXBuildFile; fileRef = 8CCEA732293DD15200B4299A /* AdvertiseCell.swift */; };
		8CCEA735293DD15200B4299A /* AdvertiseCell.xib in Resources */ = {isa = PBXBuildFile; fileRef = 8CCEA733293DD15200B4299A /* AdvertiseCell.xib */; };
		8CCEA738293DD65500B4299A /* SectionCell3.swift in Sources */ = {isa = PBXBuildFile; fileRef = 8CCEA736293DD65500B4299A /* SectionCell3.swift */; };
		8CCEA739293DD65500B4299A /* SectionCell3.xib in Resources */ = {isa = PBXBuildFile; fileRef = 8CCEA737293DD65500B4299A /* SectionCell3.xib */; };
		8CCEA73C293DE7EA00B4299A /* MyProfile.swift in Sources */ = {isa = PBXBuildFile; fileRef = 8CCEA73A293DE7EA00B4299A /* MyProfile.swift */; };
		8CCEA73D293DE7EA00B4299A /* MyProfile.xib in Resources */ = {isa = PBXBuildFile; fileRef = 8CCEA73B293DE7EA00B4299A /* MyProfile.xib */; };
/* End PBXBuildFile section */

/* Begin PBXFileReference section */
		8C2DDD59293A3E7200DA19C4 /* MainViewController.xib */ = {isa = PBXFileReference; lastKnownFileType = file.xib; path = MainViewController.xib; sourceTree = "<group>"; };
		8C375E222943213E00E7F437 /* CommonTablePresenter.swift */ = {isa = PBXFileReference; lastKnownFileType = sourcecode.swift; path = CommonTablePresenter.swift; sourceTree = "<group>"; };
		8C375E242943216500E7F437 /* CommonHeaderView.swift */ = {isa = PBXFileReference; lastKnownFileType = sourcecode.swift; path = CommonHeaderView.swift; sourceTree = "<group>"; };
		8C375E262943217500E7F437 /* CommonHeaderView.xib */ = {isa = PBXFileReference; lastKnownFileType = file.xib; path = CommonHeaderView.xib; sourceTree = "<group>"; };
		8C375E2A29432FBB00E7F437 /* SearchCell.swift */ = {isa = PBXFileReference; lastKnownFileType = sourcecode.swift; path = SearchCell.swift; sourceTree = "<group>"; };
		8C375E2B29432FBB00E7F437 /* SearchCell.xib */ = {isa = PBXFileReference; lastKnownFileType = file.xib; path = SearchCell.xib; sourceTree = "<group>"; };
		8C375E2E2943314800E7F437 /* MyProfilePresenter.swift */ = {isa = PBXFileReference; lastKnownFileType = sourcecode.swift; path = MyProfilePresenter.swift; sourceTree = "<group>"; };
		8C375E3A2943348300E7F437 /* AdvertiseCellPresenter.swift */ = {isa = PBXFileReference; lastKnownFileType = sourcecode.swift; path = AdvertiseCellPresenter.swift; sourceTree = "<group>"; };
		8C375E3C2943367C00E7F437 /* SectionCell3Presenter.swift */ = {isa = PBXFileReference; lastKnownFileType = sourcecode.swift; path = SectionCell3Presenter.swift; sourceTree = "<group>"; };
		8C375E3F2943395F00E7F437 /* SearchCellPresenter.swift */ = {isa = PBXFileReference; lastKnownFileType = sourcecode.swift; path = SearchCellPresenter.swift; sourceTree = "<group>"; };
		8C6BEDD4293F8B310004D98D /* SettingCell.swift */ = {isa = PBXFileReference; lastKnownFileType = sourcecode.swift; path = SettingCell.swift; sourceTree = "<group>"; };
		8CA03F2F2939E7D800EC9F34 /* MainViewController.swift */ = {isa = PBXFileReference; lastKnownFileType = sourcecode.swift; path = MainViewController.swift; sourceTree = "<group>"; };
		8CA1125C2935FB400086B021 /* op.gg.app */ = {isa = PBXFileReference; explicitFileType = wrapper.application; includeInIndex = 0; path = op.gg.app; sourceTree = BUILT_PRODUCTS_DIR; };
		8CA1125F2935FB400086B021 /* AppDelegate.swift */ = {isa = PBXFileReference; lastKnownFileType = sourcecode.swift; path = AppDelegate.swift; sourceTree = "<group>"; };
		8CA112612935FB400086B021 /* SceneDelegate.swift */ = {isa = PBXFileReference; lastKnownFileType = sourcecode.swift; path = SceneDelegate.swift; sourceTree = "<group>"; };
		8CA112682935FB450086B021 /* Assets.xcassets */ = {isa = PBXFileReference; lastKnownFileType = folder.assetcatalog; path = Assets.xcassets; sourceTree = "<group>"; };
		8CA1126B2935FB450086B021 /* Base */ = {isa = PBXFileReference; lastKnownFileType = file.storyboard; name = Base; path = Base.lproj/LaunchScreen.storyboard; sourceTree = "<group>"; };
		8CA1126D2935FB450086B021 /* Info.plist */ = {isa = PBXFileReference; lastKnownFileType = text.plist.xml; path = Info.plist; sourceTree = "<group>"; };
		8CCEA732293DD15200B4299A /* AdvertiseCell.swift */ = {isa = PBXFileReference; lastKnownFileType = sourcecode.swift; path = AdvertiseCell.swift; sourceTree = "<group>"; };
		8CCEA733293DD15200B4299A /* AdvertiseCell.xib */ = {isa = PBXFileReference; lastKnownFileType = file.xib; path = AdvertiseCell.xib; sourceTree = "<group>"; };
		8CCEA736293DD65500B4299A /* SectionCell3.swift */ = {isa = PBXFileReference; lastKnownFileType = sourcecode.swift; path = SectionCell3.swift; sourceTree = "<group>"; };
		8CCEA737293DD65500B4299A /* SectionCell3.xib */ = {isa = PBXFileReference; lastKnownFileType = file.xib; path = SectionCell3.xib; sourceTree = "<group>"; };
		8CCEA73A293DE7EA00B4299A /* MyProfile.swift */ = {isa = PBXFileReference; lastKnownFileType = sourcecode.swift; path = MyProfile.swift; sourceTree = "<group>"; };
		8CCEA73B293DE7EA00B4299A /* MyProfile.xib */ = {isa = PBXFileReference; lastKnownFileType = file.xib; path = MyProfile.xib; sourceTree = "<group>"; };
/* End PBXFileReference section */

/* Begin PBXFrameworksBuildPhase section */
		8CA112592935FB400086B021 /* Frameworks */ = {
			isa = PBXFrameworksBuildPhase;
			buildActionMask = 2147483647;
			files = (
			);
			runOnlyForDeploymentPostprocessing = 0;
		};
/* End PBXFrameworksBuildPhase section */

/* Begin PBXGroup section */
		8C375E212943211000E7F437 /* Common */ = {
			isa = PBXGroup;
			children = (
				8C375E222943213E00E7F437 /* CommonTablePresenter.swift */,
				8C375E242943216500E7F437 /* CommonHeaderView.swift */,
				8C375E262943217500E7F437 /* CommonHeaderView.xib */,
			);
			path = Common;
			sourceTree = "<group>";
		};
		8C375E302943315300E7F437 /* MyProfile */ = {
			isa = PBXGroup;
			children = (
				8CCEA73A293DE7EA00B4299A /* MyProfile.swift */,
				8CCEA73B293DE7EA00B4299A /* MyProfile.xib */,
				8C375E2E2943314800E7F437 /* MyProfilePresenter.swift */,
			);
			path = MyProfile;
			sourceTree = "<group>";
		};
		8C375E312943317B00E7F437 /* SearhCell */ = {
			isa = PBXGroup;
			children = (
				8C375E2A29432FBB00E7F437 /* SearchCell.swift */,
				8C375E2B29432FBB00E7F437 /* SearchCell.xib */,
				8C375E3F2943395F00E7F437 /* SearchCellPresenter.swift */,
			);
			path = SearhCell;
			sourceTree = "<group>";
		};
		8C375E322943318D00E7F437 /* AdvertiseCell */ = {
			isa = PBXGroup;
			children = (
				8CCEA732293DD15200B4299A /* AdvertiseCell.swift */,
				8CCEA733293DD15200B4299A /* AdvertiseCell.xib */,
				8C375E3A2943348300E7F437 /* AdvertiseCellPresenter.swift */,
			);
			path = AdvertiseCell;
			sourceTree = "<group>";
		};
		8C375E33294331C200E7F437 /* FavoritesCell */ = {
			isa = PBXGroup;
			children = (
				8CCEA736293DD65500B4299A /* SectionCell3.swift */,
				8CCEA737293DD65500B4299A /* SectionCell3.xib */,
				8C375E3C2943367C00E7F437 /* SectionCell3Presenter.swift */,
			);
			path = FavoritesCell;
			sourceTree = "<group>";
		};
		8C375E372943325B00E7F437 /* NoteCell */ = {
			isa = PBXGroup;
			children = (
			);
			name = NoteCell;
			path = TableViewCell;
			sourceTree = "<group>";
		};
		8C6BEDD3293F8B110004D98D /* SettingCell */ = {
			isa = PBXGroup;
			children = (
				8C6BEDD4293F8B310004D98D /* SettingCell.swift */,
			);
			path = SettingCell;
			sourceTree = "<group>";
		};
		8CA03F2D2939E76500EC9F34 /* ViewController */ = {
			isa = PBXGroup;
			children = (
				8CA03F2F2939E7D800EC9F34 /* MainViewController.swift */,
				8C2DDD59293A3E7200DA19C4 /* MainViewController.xib */,
			);
			path = ViewController;
			sourceTree = "<group>";
		};
		8CA03F2E2939E78900EC9F34 /* TableViewCell */ = {
			isa = PBXGroup;
			children = (
				8C375E312943317B00E7F437 /* SearhCell */,
				8C375E302943315300E7F437 /* MyProfile */,
				8C375E322943318D00E7F437 /* AdvertiseCell */,
				8C375E33294331C200E7F437 /* FavoritesCell */,
			);
			path = TableViewCell;
			sourceTree = "<group>";
		};
		8CA112532935FB400086B021 = {
			isa = PBXGroup;
			children = (
				8C375E212943211000E7F437 /* Common */,
				8C6BEDD3293F8B110004D98D /* SettingCell */,
				8CA03F2E2939E78900EC9F34 /* TableViewCell */,
				8C375E372943325B00E7F437 /* NoteCell */,
				8CA03F2D2939E76500EC9F34 /* ViewController */,
				8CA1125E2935FB400086B021 /* op.gg */,
				8CA1125D2935FB400086B021 /* Products */,
			);
			sourceTree = "<group>";
		};
		8CA1125D2935FB400086B021 /* Products */ = {
			isa = PBXGroup;
			children = (
				8CA1125C2935FB400086B021 /* op.gg.app */,
			);
			name = Products;
			sourceTree = "<group>";
		};
		8CA1125E2935FB400086B021 /* op.gg */ = {
			isa = PBXGroup;
			children = (
				8CA1125F2935FB400086B021 /* AppDelegate.swift */,
				8CA112612935FB400086B021 /* SceneDelegate.swift */,
				8CA112682935FB450086B021 /* Assets.xcassets */,
				8CA1126A2935FB450086B021 /* LaunchScreen.storyboard */,
				8CA1126D2935FB450086B021 /* Info.plist */,
			);
			path = op.gg;
			sourceTree = "<group>";
		};
/* End PBXGroup section */

/* Begin PBXNativeTarget section */
		8CA1125B2935FB400086B021 /* op.gg */ = {
			isa = PBXNativeTarget;
			buildConfigurationList = 8CA112702935FB450086B021 /* Build configuration list for PBXNativeTarget "op.gg" */;
			buildPhases = (
				8CA112582935FB400086B021 /* Sources */,
				8CA112592935FB400086B021 /* Frameworks */,
				8CA1125A2935FB400086B021 /* Resources */,
			);
			buildRules = (
			);
			dependencies = (
			);
			name = op.gg;
			productName = op.gg;
			productReference = 8CA1125C2935FB400086B021 /* op.gg.app */;
			productType = "com.apple.product-type.application";
		};
/* End PBXNativeTarget section */

/* Begin PBXProject section */
		8CA112542935FB400086B021 /* Project object */ = {
			isa = PBXProject;
			attributes = {
				BuildIndependentTargetsInParallel = 1;
				LastSwiftUpdateCheck = 1340;
				LastUpgradeCheck = 1340;
				TargetAttributes = {
					8CA1125B2935FB400086B021 = {
						CreatedOnToolsVersion = 13.4.1;
					};
				};
			};
			buildConfigurationList = 8CA112572935FB400086B021 /* Build configuration list for PBXProject "op.gg" */;
			compatibilityVersion = "Xcode 13.0";
			developmentRegion = en;
			hasScannedForEncodings = 0;
			knownRegions = (
				en,
				Base,
			);
			mainGroup = 8CA112532935FB400086B021;
			productRefGroup = 8CA1125D2935FB400086B021 /* Products */;
			projectDirPath = "";
			projectRoot = "";
			targets = (
				8CA1125B2935FB400086B021 /* op.gg */,
			);
		};
/* End PBXProject section */

/* Begin PBXResourcesBuildPhase section */
		8CA1125A2935FB400086B021 /* Resources */ = {
			isa = PBXResourcesBuildPhase;
			buildActionMask = 2147483647;
			files = (
				8C375E272943217500E7F437 /* CommonHeaderView.xib in Resources */,
				8CCEA735293DD15200B4299A /* AdvertiseCell.xib in Resources */,
				8CCEA739293DD65500B4299A /* SectionCell3.xib in Resources */,
				8CA1126C2935FB450086B021 /* LaunchScreen.storyboard in Resources */,
				8CCEA73D293DE7EA00B4299A /* MyProfile.xib in Resources */,
				8C375E2D29432FBB00E7F437 /* SearchCell.xib in Resources */,
				8C2DDD5A293A3E7200DA19C4 /* MainViewController.xib in Resources */,
				8CA112692935FB450086B021 /* Assets.xcassets in Resources */,
			);
			runOnlyForDeploymentPostprocessing = 0;
		};
/* End PBXResourcesBuildPhase section */

/* Begin PBXSourcesBuildPhase section */
		8CA112582935FB400086B021 /* Sources */ = {
			isa = PBXSourcesBuildPhase;
			buildActionMask = 2147483647;
			files = (
				8C375E402943395F00E7F437 /* SearchCellPresenter.swift in Sources */,
				8C375E2C29432FBB00E7F437 /* SearchCell.swift in Sources */,
				8C375E3D2943367D00E7F437 /* SectionCell3Presenter.swift in Sources */,
				8CA03F312939E7D800EC9F34 /* MainViewController.swift in Sources */,
				8C6BEDD5293F8B310004D98D /* SettingCell.swift in Sources */,
				8CCEA73C293DE7EA00B4299A /* MyProfile.swift in Sources */,
				8CCEA734293DD15200B4299A /* AdvertiseCell.swift in Sources */,
				8C375E3B2943348300E7F437 /* AdvertiseCellPresenter.swift in Sources */,
				8C375E2F2943314800E7F437 /* MyProfilePresenter.swift in Sources */,
				8CA112602935FB400086B021 /* AppDelegate.swift in Sources */,
				8CCEA738293DD65500B4299A /* SectionCell3.swift in Sources */,
				8CA112622935FB400086B021 /* SceneDelegate.swift in Sources */,
				8C375E252943216500E7F437 /* CommonHeaderView.swift in Sources */,
				8C375E232943213E00E7F437 /* CommonTablePresenter.swift in Sources */,
			);
			runOnlyForDeploymentPostprocessing = 0;
		};
/* End PBXSourcesBuildPhase section */

/* Begin PBXVariantGroup section */
		8CA1126A2935FB450086B021 /* LaunchScreen.storyboard */ = {
			isa = PBXVariantGroup;
			children = (
				8CA1126B2935FB450086B021 /* Base */,
			);
			name = LaunchScreen.storyboard;
			sourceTree = "<group>";
		};
/* End PBXVariantGroup section */

/* Begin XCBuildConfiguration section */
		8CA1126E2935FB450086B021 /* Debug */ = {
			isa = XCBuildConfiguration;
			buildSettings = {
				ALWAYS_SEARCH_USER_PATHS = NO;
				CLANG_ANALYZER_NONNULL = YES;
				CLANG_ANALYZER_NUMBER_OBJECT_CONVERSION = YES_AGGRESSIVE;
				CLANG_CXX_LANGUAGE_STANDARD = "gnu++17";
				CLANG_ENABLE_MODULES = YES;
				CLANG_ENABLE_OBJC_ARC = YES;
				CLANG_ENABLE_OBJC_WEAK = YES;
				CLANG_WARN_BLOCK_CAPTURE_AUTORELEASING = YES;
				CLANG_WARN_BOOL_CONVERSION = YES;
				CLANG_WARN_COMMA = YES;
				CLANG_WARN_CONSTANT_CONVERSION = YES;
				CLANG_WARN_DEPRECATED_OBJC_IMPLEMENTATIONS = YES;
				CLANG_WARN_DIRECT_OBJC_ISA_USAGE = YES_ERROR;
				CLANG_WARN_DOCUMENTATION_COMMENTS = YES;
				CLANG_WARN_EMPTY_BODY = YES;
				CLANG_WARN_ENUM_CONVERSION = YES;
				CLANG_WARN_INFINITE_RECURSION = YES;
				CLANG_WARN_INT_CONVERSION = YES;
				CLANG_WARN_NON_LITERAL_NULL_CONVERSION = YES;
				CLANG_WARN_OBJC_IMPLICIT_RETAIN_SELF = YES;
				CLANG_WARN_OBJC_LITERAL_CONVERSION = YES;
				CLANG_WARN_OBJC_ROOT_CLASS = YES_ERROR;
				CLANG_WARN_QUOTED_INCLUDE_IN_FRAMEWORK_HEADER = YES;
				CLANG_WARN_RANGE_LOOP_ANALYSIS = YES;
				CLANG_WARN_STRICT_PROTOTYPES = YES;
				CLANG_WARN_SUSPICIOUS_MOVE = YES;
				CLANG_WARN_UNGUARDED_AVAILABILITY = YES_AGGRESSIVE;
				CLANG_WARN_UNREACHABLE_CODE = YES;
				CLANG_WARN__DUPLICATE_METHOD_MATCH = YES;
				COPY_PHASE_STRIP = NO;
				DEBUG_INFORMATION_FORMAT = dwarf;
				ENABLE_STRICT_OBJC_MSGSEND = YES;
				ENABLE_TESTABILITY = YES;
				GCC_C_LANGUAGE_STANDARD = gnu11;
				GCC_DYNAMIC_NO_PIC = NO;
				GCC_NO_COMMON_BLOCKS = YES;
				GCC_OPTIMIZATION_LEVEL = 0;
				GCC_PREPROCESSOR_DEFINITIONS = (
					"DEBUG=1",
					"$(inherited)",
				);
				GCC_WARN_64_TO_32_BIT_CONVERSION = YES;
				GCC_WARN_ABOUT_RETURN_TYPE = YES_ERROR;
				GCC_WARN_UNDECLARED_SELECTOR = YES;
				GCC_WARN_UNINITIALIZED_AUTOS = YES_AGGRESSIVE;
				GCC_WARN_UNUSED_FUNCTION = YES;
				GCC_WARN_UNUSED_VARIABLE = YES;
				IPHONEOS_DEPLOYMENT_TARGET = 15.5;
				MTL_ENABLE_DEBUG_INFO = INCLUDE_SOURCE;
				MTL_FAST_MATH = YES;
				ONLY_ACTIVE_ARCH = YES;
				SDKROOT = iphoneos;
				SWIFT_ACTIVE_COMPILATION_CONDITIONS = DEBUG;
				SWIFT_OPTIMIZATION_LEVEL = "-Onone";
			};
			name = Debug;
		};
		8CA1126F2935FB450086B021 /* Release */ = {
			isa = XCBuildConfiguration;
			buildSettings = {
				ALWAYS_SEARCH_USER_PATHS = NO;
				CLANG_ANALYZER_NONNULL = YES;
				CLANG_ANALYZER_NUMBER_OBJECT_CONVERSION = YES_AGGRESSIVE;
				CLANG_CXX_LANGUAGE_STANDARD = "gnu++17";
				CLANG_ENABLE_MODULES = YES;
				CLANG_ENABLE_OBJC_ARC = YES;
				CLANG_ENABLE_OBJC_WEAK = YES;
				CLANG_WARN_BLOCK_CAPTURE_AUTORELEASING = YES;
				CLANG_WARN_BOOL_CONVERSION = YES;
				CLANG_WARN_COMMA = YES;
				CLANG_WARN_CONSTANT_CONVERSION = YES;
				CLANG_WARN_DEPRECATED_OBJC_IMPLEMENTATIONS = YES;
				CLANG_WARN_DIRECT_OBJC_ISA_USAGE = YES_ERROR;
				CLANG_WARN_DOCUMENTATION_COMMENTS = YES;
				CLANG_WARN_EMPTY_BODY = YES;
				CLANG_WARN_ENUM_CONVERSION = YES;
				CLANG_WARN_INFINITE_RECURSION = YES;
				CLANG_WARN_INT_CONVERSION = YES;
				CLANG_WARN_NON_LITERAL_NULL_CONVERSION = YES;
				CLANG_WARN_OBJC_IMPLICIT_RETAIN_SELF = YES;
				CLANG_WARN_OBJC_LITERAL_CONVERSION = YES;
				CLANG_WARN_OBJC_ROOT_CLASS = YES_ERROR;
				CLANG_WARN_QUOTED_INCLUDE_IN_FRAMEWORK_HEADER = YES;
				CLANG_WARN_RANGE_LOOP_ANALYSIS = YES;
				CLANG_WARN_STRICT_PROTOTYPES = YES;
				CLANG_WARN_SUSPICIOUS_MOVE = YES;
				CLANG_WARN_UNGUARDED_AVAILABILITY = YES_AGGRESSIVE;
				CLANG_WARN_UNREACHABLE_CODE = YES;
				CLANG_WARN__DUPLICATE_METHOD_MATCH = YES;
				COPY_PHASE_STRIP = NO;
				DEBUG_INFORMATION_FORMAT = "dwarf-with-dsym";
				ENABLE_NS_ASSERTIONS = NO;
				ENABLE_STRICT_OBJC_MSGSEND = YES;
				GCC_C_LANGUAGE_STANDARD = gnu11;
				GCC_NO_COMMON_BLOCKS = YES;
				GCC_WARN_64_TO_32_BIT_CONVERSION = YES;
				GCC_WARN_ABOUT_RETURN_TYPE = YES_ERROR;
				GCC_WARN_UNDECLARED_SELECTOR = YES;
				GCC_WARN_UNINITIALIZED_AUTOS = YES_AGGRESSIVE;
				GCC_WARN_UNUSED_FUNCTION = YES;
				GCC_WARN_UNUSED_VARIABLE = YES;
				IPHONEOS_DEPLOYMENT_TARGET = 15.5;
				MTL_ENABLE_DEBUG_INFO = NO;
				MTL_FAST_MATH = YES;
				SDKROOT = iphoneos;
				SWIFT_COMPILATION_MODE = wholemodule;
				SWIFT_OPTIMIZATION_LEVEL = "-O";
				VALIDATE_PRODUCT = YES;
			};
			name = Release;
		};
		8CA112712935FB450086B021 /* Debug */ = {
			isa = XCBuildConfiguration;
			buildSettings = {
				ASSETCATALOG_COMPILER_APPICON_NAME = AppIcon;
				ASSETCATALOG_COMPILER_GLOBAL_ACCENT_COLOR_NAME = AccentColor;
				CODE_SIGN_STYLE = Automatic;
				CURRENT_PROJECT_VERSION = 1;
				DEVELOPMENT_TEAM = L7LS4A268C;
				GENERATE_INFOPLIST_FILE = YES;
				INFOPLIST_FILE = op.gg/Info.plist;
				INFOPLIST_KEY_UIApplicationSupportsIndirectInputEvents = YES;
				INFOPLIST_KEY_UILaunchStoryboardName = LaunchScreen;
				INFOPLIST_KEY_UISupportedInterfaceOrientations_iPad = "UIInterfaceOrientationPortrait UIInterfaceOrientationPortraitUpsideDown UIInterfaceOrientationLandscapeLeft UIInterfaceOrientationLandscapeRight";
				INFOPLIST_KEY_UISupportedInterfaceOrientations_iPhone = "UIInterfaceOrientationPortrait UIInterfaceOrientationLandscapeLeft UIInterfaceOrientationLandscapeRight";
				LD_RUNPATH_SEARCH_PATHS = (
					"$(inherited)",
					"@executable_path/Frameworks",
				);
				MARKETING_VERSION = 1.0;
				PRODUCT_BUNDLE_IDENTIFIER = "joon.op-gg";
				PRODUCT_NAME = "$(TARGET_NAME)";
				SWIFT_EMIT_LOC_STRINGS = YES;
				SWIFT_VERSION = 5.0;
				TARGETED_DEVICE_FAMILY = "1,2";
			};
			name = Debug;
		};
		8CA112722935FB450086B021 /* Release */ = {
			isa = XCBuildConfiguration;
			buildSettings = {
				ASSETCATALOG_COMPILER_APPICON_NAME = AppIcon;
				ASSETCATALOG_COMPILER_GLOBAL_ACCENT_COLOR_NAME = AccentColor;
				CODE_SIGN_STYLE = Automatic;
				CURRENT_PROJECT_VERSION = 1;
				DEVELOPMENT_TEAM = L7LS4A268C;
				GENERATE_INFOPLIST_FILE = YES;
				INFOPLIST_FILE = op.gg/Info.plist;
				INFOPLIST_KEY_UIApplicationSupportsIndirectInputEvents = YES;
				INFOPLIST_KEY_UILaunchStoryboardName = LaunchScreen;
				INFOPLIST_KEY_UISupportedInterfaceOrientations_iPad = "UIInterfaceOrientationPortrait UIInterfaceOrientationPortraitUpsideDown UIInterfaceOrientationLandscapeLeft UIInterfaceOrientationLandscapeRight";
				INFOPLIST_KEY_UISupportedInterfaceOrientations_iPhone = "UIInterfaceOrientationPortrait UIInterfaceOrientationLandscapeLeft UIInterfaceOrientationLandscapeRight";
				LD_RUNPATH_SEARCH_PATHS = (
					"$(inherited)",
					"@executable_path/Frameworks",
				);
				MARKETING_VERSION = 1.0;
				PRODUCT_BUNDLE_IDENTIFIER = "joon.op-gg";
				PRODUCT_NAME = "$(TARGET_NAME)";
				SWIFT_EMIT_LOC_STRINGS = YES;
				SWIFT_VERSION = 5.0;
				TARGETED_DEVICE_FAMILY = "1,2";
			};
			name = Release;
		};
/* End XCBuildConfiguration section */

/* Begin XCConfigurationList section */
		8CA112572935FB400086B021 /* Build configuration list for PBXProject "op.gg" */ = {
			isa = XCConfigurationList;
			buildConfigurations = (
				8CA1126E2935FB450086B021 /* Debug */,
				8CA1126F2935FB450086B021 /* Release */,
			);
			defaultConfigurationIsVisible = 0;
			defaultConfigurationName = Release;
		};
		8CA112702935FB450086B021 /* Build configuration list for PBXNativeTarget "op.gg" */ = {
			isa = XCConfigurationList;
			buildConfigurations = (
				8CA112712935FB450086B021 /* Debug */,
				8CA112722935FB450086B021 /* Release */,
			);
			defaultConfigurationIsVisible = 0;
			defaultConfigurationName = Release;
		};
/* End XCConfigurationList section */
	};
	rootObject = 8CA112542935FB400086B021 /* Project object */;
}
